// !$*UTF8*$!
{
	archiveVersion = 1;
	classes = {
	};
	objectVersion = 46;
	objects = {

/* Begin PBXBuildFile section */
		450FBCB21C10A0070064575A /* Pattern.swift in Sources */ = {isa = PBXBuildFile; fileRef = 450FBCB11C10A0070064575A /* Pattern.swift */; };
		450FBCB41C10B2EA0064575A /* TimeSignature.swift in Sources */ = {isa = PBXBuildFile; fileRef = 450FBCB31C10B2EA0064575A /* TimeSignature.swift */; };
		450FBCB61C10B5400064575A /* Rest.swift in Sources */ = {isa = PBXBuildFile; fileRef = 450FBCB51C10B5400064575A /* Rest.swift */; };
		450FBCB81C10B6020064575A /* PlayableElement.swift in Sources */ = {isa = PBXBuildFile; fileRef = 450FBCB71C10B6020064575A /* PlayableElement.swift */; };
		450FBCBA1C10B6190064575A /* Note.swift in Sources */ = {isa = PBXBuildFile; fileRef = 450FBCB91C10B6190064575A /* Note.swift */; };
		450FBCBC1C10B6E40064575A /* PatternPlayer.swift in Sources */ = {isa = PBXBuildFile; fileRef = 450FBCBB1C10B6E40064575A /* PatternPlayer.swift */; };
		453D7DCB1C103004007F96B1 /* NoteValue.swift in Sources */ = {isa = PBXBuildFile; fileRef = 453D7DCA1C103004007F96B1 /* NoteValue.swift */; };
		454A74BE1C0F844F00F939E0 /* MetronomeUnitTests.swift in Sources */ = {isa = PBXBuildFile; fileRef = 454A74BD1C0F844F00F939E0 /* MetronomeUnitTests.swift */; };
		45539B321C0F539800D9FC92 /* AppDelegate.swift in Sources */ = {isa = PBXBuildFile; fileRef = 45539B311C0F539800D9FC92 /* AppDelegate.swift */; };
		45539B341C0F539800D9FC92 /* ViewController.swift in Sources */ = {isa = PBXBuildFile; fileRef = 45539B331C0F539800D9FC92 /* ViewController.swift */; };
		45539B371C0F539800D9FC92 /* Main.storyboard in Resources */ = {isa = PBXBuildFile; fileRef = 45539B351C0F539800D9FC92 /* Main.storyboard */; };
		45539B391C0F539800D9FC92 /* Assets.xcassets in Resources */ = {isa = PBXBuildFile; fileRef = 45539B381C0F539800D9FC92 /* Assets.xcassets */; };
		45539B3C1C0F539800D9FC92 /* LaunchScreen.storyboard in Resources */ = {isa = PBXBuildFile; fileRef = 45539B3A1C0F539800D9FC92 /* LaunchScreen.storyboard */; };
		457861BF1C0F53B600F6F736 /* Metronome.swift in Sources */ = {isa = PBXBuildFile; fileRef = 457861B71C0F53B600F6F736 /* Metronome.swift */; };
		457861C01C0F53B600F6F736 /* Sounds.swift in Sources */ = {isa = PBXBuildFile; fileRef = 457861B81C0F53B600F6F736 /* Sounds.swift */; };
		457861C11C0F53B600F6F736 /* tick.caf in Resources */ = {isa = PBXBuildFile; fileRef = 457861BA1C0F53B600F6F736 /* tick.caf */; };
		457861C21C0F53B600F6F736 /* tock.caf in Resources */ = {isa = PBXBuildFile; fileRef = 457861BB1C0F53B600F6F736 /* tock.caf */; };
		457861C51C0F543F00F6F736 /* BeatType.swift in Sources */ = {isa = PBXBuildFile; fileRef = 457861C41C0F543F00F6F736 /* BeatType.swift */; };
		457861C71C0F54BD00F6F736 /* Settings.swift in Sources */ = {isa = PBXBuildFile; fileRef = 457861C61C0F54BD00F6F736 /* Settings.swift */; };
		457E909E1C15700500DC2ABB /* Tempo.swift in Sources */ = {isa = PBXBuildFile; fileRef = 457E909D1C15700500DC2ABB /* Tempo.swift */; };
		45FA522B1C14D53600A42CA1 /* TapTempo.swift in Sources */ = {isa = PBXBuildFile; fileRef = 45FA522A1C14D53600A42CA1 /* TapTempo.swift */; };
/* End PBXBuildFile section */

/* Begin PBXContainerItemProxy section */
		454A74BF1C0F844F00F939E0 /* PBXContainerItemProxy */ = {
			isa = PBXContainerItemProxy;
			containerPortal = 45539B261C0F539800D9FC92 /* Project object */;
			proxyType = 1;
			remoteGlobalIDString = 45539B2D1C0F539800D9FC92;
			remoteInfo = RSMetronomeExample;
		};
/* End PBXContainerItemProxy section */

/* Begin PBXFileReference section */
		450FBCB11C10A0070064575A /* Pattern.swift */ = {isa = PBXFileReference; fileEncoding = 4; lastKnownFileType = sourcecode.swift; path = Pattern.swift; sourceTree = "<group>"; };
		450FBCB31C10B2EA0064575A /* TimeSignature.swift */ = {isa = PBXFileReference; fileEncoding = 4; lastKnownFileType = sourcecode.swift; path = TimeSignature.swift; sourceTree = "<group>"; };
		450FBCB51C10B5400064575A /* Rest.swift */ = {isa = PBXFileReference; fileEncoding = 4; lastKnownFileType = sourcecode.swift; path = Rest.swift; sourceTree = "<group>"; };
		450FBCB71C10B6020064575A /* PlayableElement.swift */ = {isa = PBXFileReference; fileEncoding = 4; lastKnownFileType = sourcecode.swift; path = PlayableElement.swift; sourceTree = "<group>"; };
		450FBCB91C10B6190064575A /* Note.swift */ = {isa = PBXFileReference; fileEncoding = 4; lastKnownFileType = sourcecode.swift; path = Note.swift; sourceTree = "<group>"; };
		450FBCBB1C10B6E40064575A /* PatternPlayer.swift */ = {isa = PBXFileReference; fileEncoding = 4; lastKnownFileType = sourcecode.swift; path = PatternPlayer.swift; sourceTree = "<group>"; };
		453D7DCA1C103004007F96B1 /* NoteValue.swift */ = {isa = PBXFileReference; fileEncoding = 4; lastKnownFileType = sourcecode.swift; path = NoteValue.swift; sourceTree = "<group>"; };
		454A74B91C0F844F00F939E0 /* MetronomeUnitTests.xctest */ = {isa = PBXFileReference; explicitFileType = wrapper.cfbundle; includeInIndex = 0; path = MetronomeUnitTests.xctest; sourceTree = BUILT_PRODUCTS_DIR; };
		454A74BC1C0F844F00F939E0 /* Info.plist */ = {isa = PBXFileReference; lastKnownFileType = text.plist.xml; path = Info.plist; sourceTree = "<group>"; };
		454A74BD1C0F844F00F939E0 /* MetronomeUnitTests.swift */ = {isa = PBXFileReference; lastKnownFileType = sourcecode.swift; path = MetronomeUnitTests.swift; sourceTree = "<group>"; };
		45539B2E1C0F539800D9FC92 /* RSMetronomeExample.app */ = {isa = PBXFileReference; explicitFileType = wrapper.application; includeInIndex = 0; path = RSMetronomeExample.app; sourceTree = BUILT_PRODUCTS_DIR; };
		45539B311C0F539800D9FC92 /* AppDelegate.swift */ = {isa = PBXFileReference; lastKnownFileType = sourcecode.swift; path = AppDelegate.swift; sourceTree = "<group>"; };
		45539B331C0F539800D9FC92 /* ViewController.swift */ = {isa = PBXFileReference; lastKnownFileType = sourcecode.swift; path = ViewController.swift; sourceTree = "<group>"; };
		45539B361C0F539800D9FC92 /* Base */ = {isa = PBXFileReference; lastKnownFileType = file.storyboard; name = Base; path = Base.lproj/Main.storyboard; sourceTree = "<group>"; };
		45539B381C0F539800D9FC92 /* Assets.xcassets */ = {isa = PBXFileReference; lastKnownFileType = folder.assetcatalog; path = Assets.xcassets; sourceTree = "<group>"; };
		45539B3B1C0F539800D9FC92 /* Base */ = {isa = PBXFileReference; lastKnownFileType = file.storyboard; name = Base; path = Base.lproj/LaunchScreen.storyboard; sourceTree = "<group>"; };
		45539B3D1C0F539800D9FC92 /* Info.plist */ = {isa = PBXFileReference; lastKnownFileType = text.plist.xml; path = Info.plist; sourceTree = "<group>"; };
		457861B71C0F53B600F6F736 /* Metronome.swift */ = {isa = PBXFileReference; fileEncoding = 4; lastKnownFileType = sourcecode.swift; path = Metronome.swift; sourceTree = "<group>"; };
		457861B81C0F53B600F6F736 /* Sounds.swift */ = {isa = PBXFileReference; fileEncoding = 4; lastKnownFileType = sourcecode.swift; path = Sounds.swift; sourceTree = "<group>"; };
		457861BA1C0F53B600F6F736 /* tick.caf */ = {isa = PBXFileReference; lastKnownFileType = file; path = tick.caf; sourceTree = "<group>"; };
		457861BB1C0F53B600F6F736 /* tock.caf */ = {isa = PBXFileReference; lastKnownFileType = file; path = tock.caf; sourceTree = "<group>"; };
		457861C41C0F543F00F6F736 /* BeatType.swift */ = {isa = PBXFileReference; fileEncoding = 4; lastKnownFileType = sourcecode.swift; path = BeatType.swift; sourceTree = "<group>"; };
		457861C61C0F54BD00F6F736 /* Settings.swift */ = {isa = PBXFileReference; fileEncoding = 4; lastKnownFileType = sourcecode.swift; path = Settings.swift; sourceTree = "<group>"; };
		457E909D1C15700500DC2ABB /* Tempo.swift */ = {isa = PBXFileReference; fileEncoding = 4; lastKnownFileType = sourcecode.swift; path = Tempo.swift; sourceTree = "<group>"; };
		45FA522A1C14D53600A42CA1 /* TapTempo.swift */ = {isa = PBXFileReference; fileEncoding = 4; lastKnownFileType = sourcecode.swift; path = TapTempo.swift; sourceTree = "<group>"; };
/* End PBXFileReference section */

/* Begin PBXFrameworksBuildPhase section */
		454A74B61C0F844F00F939E0 /* Frameworks */ = {
			isa = PBXFrameworksBuildPhase;
			buildActionMask = 2147483647;
			files = (
			);
			runOnlyForDeploymentPostprocessing = 0;
		};
		45539B2B1C0F539800D9FC92 /* Frameworks */ = {
			isa = PBXFrameworksBuildPhase;
			buildActionMask = 2147483647;
			files = (
			);
			runOnlyForDeploymentPostprocessing = 0;
		};
/* End PBXFrameworksBuildPhase section */

/* Begin PBXGroup section */
		454A74BA1C0F844F00F939E0 /* MetronomeUnitTests */ = {
			isa = PBXGroup;
			children = (
				454A74BD1C0F844F00F939E0 /* MetronomeUnitTests.swift */,
				454A74BB1C0F844F00F939E0 /* Supporting Files */,
			);
			path = MetronomeUnitTests;
			sourceTree = "<group>";
		};
		454A74BB1C0F844F00F939E0 /* Supporting Files */ = {
			isa = PBXGroup;
			children = (
				454A74BC1C0F844F00F939E0 /* Info.plist */,
			);
			name = "Supporting Files";
			sourceTree = "<group>";
		};
		45539B251C0F539800D9FC92 = {
			isa = PBXGroup;
			children = (
				45539B301C0F539800D9FC92 /* RSMetronomeExample */,
				454A74BA1C0F844F00F939E0 /* MetronomeUnitTests */,
				45539B2F1C0F539800D9FC92 /* Products */,
			);
			sourceTree = "<group>";
		};
		45539B2F1C0F539800D9FC92 /* Products */ = {
			isa = PBXGroup;
			children = (
				45539B2E1C0F539800D9FC92 /* RSMetronomeExample.app */,
				454A74B91C0F844F00F939E0 /* MetronomeUnitTests.xctest */,
			);
			name = Products;
			sourceTree = "<group>";
		};
		45539B301C0F539800D9FC92 /* RSMetronomeExample */ = {
			isa = PBXGroup;
			children = (
				457861B51C0F53B600F6F736 /* Source */,
				45539B311C0F539800D9FC92 /* AppDelegate.swift */,
				45539B331C0F539800D9FC92 /* ViewController.swift */,
				45539B351C0F539800D9FC92 /* Main.storyboard */,
				45539B381C0F539800D9FC92 /* Assets.xcassets */,
				45539B3A1C0F539800D9FC92 /* LaunchScreen.storyboard */,
				45539B3D1C0F539800D9FC92 /* Info.plist */,
			);
			path = RSMetronomeExample;
			sourceTree = "<group>";
		};
		457861B51C0F53B600F6F736 /* Source */ = {
			isa = PBXGroup;
			children = (
				457861B71C0F53B600F6F736 /* Metronome.swift */,
				450FBCBB1C10B6E40064575A /* PatternPlayer.swift */,
				457861C61C0F54BD00F6F736 /* Settings.swift */,
				457861C41C0F543F00F6F736 /* BeatType.swift */,
				457861B81C0F53B600F6F736 /* Sounds.swift */,
				453D7DCA1C103004007F96B1 /* NoteValue.swift */,
				450FBCB71C10B6020064575A /* PlayableElement.swift */,
				450FBCB51C10B5400064575A /* Rest.swift */,
				450FBCB91C10B6190064575A /* Note.swift */,
				450FBCB11C10A0070064575A /* Pattern.swift */,
				450FBCB31C10B2EA0064575A /* TimeSignature.swift */,
				45FA522A1C14D53600A42CA1 /* TapTempo.swift */,
				457E909D1C15700500DC2ABB /* Tempo.swift */,
				457861B91C0F53B600F6F736 /* Sounds */,
			);
			name = Source;
			path = ../../Source;
			sourceTree = "<group>";
		};
		457861B91C0F53B600F6F736 /* Sounds */ = {
			isa = PBXGroup;
			children = (
				457861BA1C0F53B600F6F736 /* tick.caf */,
				457861BB1C0F53B600F6F736 /* tock.caf */,
			);
			path = Sounds;
			sourceTree = "<group>";
		};
/* End PBXGroup section */

/* Begin PBXNativeTarget section */
		454A74B81C0F844F00F939E0 /* MetronomeUnitTests */ = {
			isa = PBXNativeTarget;
			buildConfigurationList = 454A74C31C0F844F00F939E0 /* Build configuration list for PBXNativeTarget "MetronomeUnitTests" */;
			buildPhases = (
				454A74B51C0F844F00F939E0 /* Sources */,
				454A74B61C0F844F00F939E0 /* Frameworks */,
				454A74B71C0F844F00F939E0 /* Resources */,
			);
			buildRules = (
			);
			dependencies = (
				454A74C01C0F844F00F939E0 /* PBXTargetDependency */,
			);
			name = MetronomeUnitTests;
			productName = MetronomeUnitTests;
			productReference = 454A74B91C0F844F00F939E0 /* MetronomeUnitTests.xctest */;
			productType = "com.apple.product-type.bundle.unit-test";
		};
		45539B2D1C0F539800D9FC92 /* RSMetronomeExample */ = {
			isa = PBXNativeTarget;
			buildConfigurationList = 45539B401C0F539800D9FC92 /* Build configuration list for PBXNativeTarget "RSMetronomeExample" */;
			buildPhases = (
				45539B2A1C0F539800D9FC92 /* Sources */,
				45539B2B1C0F539800D9FC92 /* Frameworks */,
				45539B2C1C0F539800D9FC92 /* Resources */,
			);
			buildRules = (
			);
			dependencies = (
			);
			name = RSMetronomeExample;
			productName = RSMetronomeExample;
			productReference = 45539B2E1C0F539800D9FC92 /* RSMetronomeExample.app */;
			productType = "com.apple.product-type.application";
		};
/* End PBXNativeTarget section */

/* Begin PBXProject section */
		45539B261C0F539800D9FC92 /* Project object */ = {
			isa = PBXProject;
			attributes = {
				LastSwiftUpdateCheck = 0710;
				LastUpgradeCheck = 0710;
				ORGANIZATIONNAME = DinkyWonder;
				TargetAttributes = {
					454A74B81C0F844F00F939E0 = {
						CreatedOnToolsVersion = 6.4;
						TestTargetID = 45539B2D1C0F539800D9FC92;
					};
					45539B2D1C0F539800D9FC92 = {
						CreatedOnToolsVersion = 7.1.1;
					};
				};
			};
			buildConfigurationList = 45539B291C0F539800D9FC92 /* Build configuration list for PBXProject "RSMetronomeExample" */;
			compatibilityVersion = "Xcode 3.2";
			developmentRegion = English;
			hasScannedForEncodings = 0;
			knownRegions = (
				en,
				Base,
			);
			mainGroup = 45539B251C0F539800D9FC92;
			productRefGroup = 45539B2F1C0F539800D9FC92 /* Products */;
			projectDirPath = "";
			projectRoot = "";
			targets = (
				45539B2D1C0F539800D9FC92 /* RSMetronomeExample */,
				454A74B81C0F844F00F939E0 /* MetronomeUnitTests */,
			);
		};
/* End PBXProject section */

/* Begin PBXResourcesBuildPhase section */
		454A74B71C0F844F00F939E0 /* Resources */ = {
			isa = PBXResourcesBuildPhase;
			buildActionMask = 2147483647;
			files = (
			);
			runOnlyForDeploymentPostprocessing = 0;
		};
		45539B2C1C0F539800D9FC92 /* Resources */ = {
			isa = PBXResourcesBuildPhase;
			buildActionMask = 2147483647;
			files = (
				45539B3C1C0F539800D9FC92 /* LaunchScreen.storyboard in Resources */,
				45539B391C0F539800D9FC92 /* Assets.xcassets in Resources */,
				45539B371C0F539800D9FC92 /* Main.storyboard in Resources */,
				457861C21C0F53B600F6F736 /* tock.caf in Resources */,
				457861C11C0F53B600F6F736 /* tick.caf in Resources */,
			);
			runOnlyForDeploymentPostprocessing = 0;
		};
/* End PBXResourcesBuildPhase section */

/* Begin PBXSourcesBuildPhase section */
		454A74B51C0F844F00F939E0 /* Sources */ = {
			isa = PBXSourcesBuildPhase;
			buildActionMask = 2147483647;
			files = (
				454A74BE1C0F844F00F939E0 /* MetronomeUnitTests.swift in Sources */,
			);
			runOnlyForDeploymentPostprocessing = 0;
		};
		45539B2A1C0F539800D9FC92 /* Sources */ = {
			isa = PBXSourcesBuildPhase;
			buildActionMask = 2147483647;
			files = (
				457861C51C0F543F00F6F736 /* BeatType.swift in Sources */,
				453D7DCB1C103004007F96B1 /* NoteValue.swift in Sources */,
				450FBCB41C10B2EA0064575A /* TimeSignature.swift in Sources */,
				457861BF1C0F53B600F6F736 /* Metronome.swift in Sources */,
				45539B341C0F539800D9FC92 /* ViewController.swift in Sources */,
				45FA522B1C14D53600A42CA1 /* TapTempo.swift in Sources */,
				457861C71C0F54BD00F6F736 /* Settings.swift in Sources */,
				450FBCB81C10B6020064575A /* PlayableElement.swift in Sources */,
				450FBCB21C10A0070064575A /* Pattern.swift in Sources */,
				457E909E1C15700500DC2ABB /* Tempo.swift in Sources */,
				450FBCB61C10B5400064575A /* Rest.swift in Sources */,
				457861C01C0F53B600F6F736 /* Sounds.swift in Sources */,
				45539B321C0F539800D9FC92 /* AppDelegate.swift in Sources */,
				450FBCBA1C10B6190064575A /* Note.swift in Sources */,
				450FBCBC1C10B6E40064575A /* PatternPlayer.swift in Sources */,
			);
			runOnlyForDeploymentPostprocessing = 0;
		};
/* End PBXSourcesBuildPhase section */

/* Begin PBXTargetDependency section */
		454A74C01C0F844F00F939E0 /* PBXTargetDependency */ = {
			isa = PBXTargetDependency;
			target = 45539B2D1C0F539800D9FC92 /* RSMetronomeExample */;
			targetProxy = 454A74BF1C0F844F00F939E0 /* PBXContainerItemProxy */;
		};
/* End PBXTargetDependency section */

/* Begin PBXVariantGroup section */
		45539B351C0F539800D9FC92 /* Main.storyboard */ = {
			isa = PBXVariantGroup;
			children = (
				45539B361C0F539800D9FC92 /* Base */,
			);
			name = Main.storyboard;
			sourceTree = "<group>";
		};
		45539B3A1C0F539800D9FC92 /* LaunchScreen.storyboard */ = {
			isa = PBXVariantGroup;
			children = (
				45539B3B1C0F539800D9FC92 /* Base */,
			);
			name = LaunchScreen.storyboard;
			sourceTree = "<group>";
		};
/* End PBXVariantGroup section */

/* Begin XCBuildConfiguration section */
		454A74C11C0F844F00F939E0 /* Debug */ = {
			isa = XCBuildConfiguration;
			buildSettings = {
				BUNDLE_LOADER = "$(TEST_HOST)";
				DEBUG_INFORMATION_FORMAT = "dwarf-with-dsym";
				GCC_PREPROCESSOR_DEFINITIONS = (
					"DEBUG=1",
					"$(inherited)",
				);
				GCC_SYMBOLS_PRIVATE_EXTERN = NO;
				INFOPLIST_FILE = MetronomeUnitTests/Info.plist;
				LD_RUNPATH_SEARCH_PATHS = "$(inherited) @executable_path/Frameworks @loader_path/Frameworks";
				PRODUCT_NAME = "$(TARGET_NAME)";
				TEST_HOST = "$(BUILT_PRODUCTS_DIR)/RSMetronomeExample.app/RSMetronomeExample";
			};
			name = Debug;
		};
		454A74C21C0F844F00F939E0 /* Release */ = {
			isa = XCBuildConfiguration;
			buildSettings = {
				BUNDLE_LOADER = "$(TEST_HOST)";
				INFOPLIST_FILE = MetronomeUnitTests/Info.plist;
				LD_RUNPATH_SEARCH_PATHS = "$(inherited) @executable_path/Frameworks @loader_path/Frameworks";
				PRODUCT_NAME = "$(TARGET_NAME)";
				TEST_HOST = "$(BUILT_PRODUCTS_DIR)/RSMetronomeExample.app/RSMetronomeExample";
			};
			name = Release;
		};
		45539B3E1C0F539800D9FC92 /* Debug */ = {
			isa = XCBuildConfiguration;
			buildSettings = {
				ALWAYS_SEARCH_USER_PATHS = NO;
				CLANG_CXX_LANGUAGE_STANDARD = "gnu++0x";
				CLANG_CXX_LIBRARY = "libc++";
				CLANG_ENABLE_MODULES = YES;
				CLANG_ENABLE_OBJC_ARC = YES;
				CLANG_WARN_BOOL_CONVERSION = YES;
				CLANG_WARN_CONSTANT_CONVERSION = YES;
				CLANG_WARN_DIRECT_OBJC_ISA_USAGE = YES_ERROR;
				CLANG_WARN_EMPTY_BODY = YES;
				CLANG_WARN_ENUM_CONVERSION = YES;
				CLANG_WARN_INT_CONVERSION = YES;
				CLANG_WARN_OBJC_ROOT_CLASS = YES_ERROR;
				CLANG_WARN_UNREACHABLE_CODE = YES;
				CLANG_WARN__DUPLICATE_METHOD_MATCH = YES;
				"CODE_SIGN_IDENTITY[sdk=iphoneos*]" = "iPhone Developer";
				COPY_PHASE_STRIP = NO;
				DEBUG_INFORMATION_FORMAT = dwarf;
				ENABLE_STRICT_OBJC_MSGSEND = YES;
				ENABLE_TESTABILITY = YES;
				GCC_C_LANGUAGE_STANDARD = gnu99;
				GCC_DYNAMIC_NO_PIC = NO;
				GCC_NO_COMMON_BLOCKS = YES;
				GCC_OPTIMIZATION_LEVEL = 0;
				GCC_PREPROCESSOR_DEFINITIONS = (
					"DEBUG=1",
					"$(inherited)",
				);
				GCC_WARN_64_TO_32_BIT_CONVERSION = YES;
				GCC_WARN_ABOUT_RETURN_TYPE = YES_ERROR;
				GCC_WARN_UNDECLARED_SELECTOR = YES;
				GCC_WARN_UNINITIALIZED_AUTOS = YES_AGGRESSIVE;
				GCC_WARN_UNUSED_FUNCTION = YES;
				GCC_WARN_UNUSED_VARIABLE = YES;
				IPHONEOS_DEPLOYMENT_TARGET = 9.0;
				MTL_ENABLE_DEBUG_INFO = YES;
				ONLY_ACTIVE_ARCH = YES;
				SDKROOT = iphoneos;
				SWIFT_OPTIMIZATION_LEVEL = "-Onone";
			};
			name = Debug;
		};
		45539B3F1C0F539800D9FC92 /* Release */ = {
			isa = XCBuildConfiguration;
			buildSettings = {
				ALWAYS_SEARCH_USER_PATHS = NO;
				CLANG_CXX_LANGUAGE_STANDARD = "gnu++0x";
				CLANG_CXX_LIBRARY = "libc++";
				CLANG_ENABLE_MODULES = YES;
				CLANG_ENABLE_OBJC_ARC = YES;
				CLANG_WARN_BOOL_CONVERSION = YES;
				CLANG_WARN_CONSTANT_CONVERSION = YES;
				CLANG_WARN_DIRECT_OBJC_ISA_USAGE = YES_ERROR;
				CLANG_WARN_EMPTY_BODY = YES;
				CLANG_WARN_ENUM_CONVERSION = YES;
				CLANG_WARN_INT_CONVERSION = YES;
				CLANG_WARN_OBJC_ROOT_CLASS = YES_ERROR;
				CLANG_WARN_UNREACHABLE_CODE = YES;
				CLANG_WARN__DUPLICATE_METHOD_MATCH = YES;
				"CODE_SIGN_IDENTITY[sdk=iphoneos*]" = "iPhone Developer";
				COPY_PHASE_STRIP = NO;
				DEBUG_INFORMATION_FORMAT = "dwarf-with-dsym";
				ENABLE_NS_ASSERTIONS = NO;
				ENABLE_STRICT_OBJC_MSGSEND = YES;
				GCC_C_LANGUAGE_STANDARD = gnu99;
				GCC_NO_COMMON_BLOCKS = YES;
				GCC_WARN_64_TO_32_BIT_CONVERSION = YES;
				GCC_WARN_ABOUT_RETURN_TYPE = YES_ERROR;
				GCC_WARN_UNDECLARED_SELECTOR = YES;
				GCC_WARN_UNINITIALIZED_AUTOS = YES_AGGRESSIVE;
				GCC_WARN_UNUSED_FUNCTION = YES;
				GCC_WARN_UNUSED_VARIABLE = YES;
				IPHONEOS_DEPLOYMENT_TARGET = 9.0;
				MTL_ENABLE_DEBUG_INFO = NO;
				SDKROOT = iphoneos;
				VALIDATE_PRODUCT = YES;
			};
			name = Release;
		};
		45539B411C0F539800D9FC92 /* Debug */ = {
			isa = XCBuildConfiguration;
			buildSettings = {
				ASSETCATALOG_COMPILER_APPICON_NAME = AppIcon;
				INFOPLIST_FILE = RSMetronomeExample/Info.plist;
				LD_RUNPATH_SEARCH_PATHS = "$(inherited) @executable_path/Frameworks";
				PRODUCT_BUNDLE_IDENTIFIER = nl.dinkywonder.RSMetronomeExample;
				PRODUCT_NAME = "$(TARGET_NAME)";
			};
			name = Debug;
		};
		45539B421C0F539800D9FC92 /* Release */ = {
			isa = XCBuildConfiguration;
			buildSettings = {
				ASSETCATALOG_COMPILER_APPICON_NAME = AppIcon;
				INFOPLIST_FILE = RSMetronomeExample/Info.plist;
				LD_RUNPATH_SEARCH_PATHS = "$(inherited) @executable_path/Frameworks";
				PRODUCT_BUNDLE_IDENTIFIER = nl.dinkywonder.RSMetronomeExample;
				PRODUCT_NAME = "$(TARGET_NAME)";
			};
			name = Release;
		};
/* End XCBuildConfiguration section */

/* Begin XCConfigurationList section */
		454A74C31C0F844F00F939E0 /* Build configuration list for PBXNativeTarget "MetronomeUnitTests" */ = {
			isa = XCConfigurationList;
			buildConfigurations = (
				454A74C11C0F844F00F939E0 /* Debug */,
				454A74C21C0F844F00F939E0 /* Release */,
			);
			defaultConfigurationIsVisible = 0;
			defaultConfigurationName = Release;
		};
		45539B291C0F539800D9FC92 /* Build configuration list for PBXProject "RSMetronomeExample" */ = {
			isa = XCConfigurationList;
			buildConfigurations = (
				45539B3E1C0F539800D9FC92 /* Debug */,
				45539B3F1C0F539800D9FC92 /* Release */,
			);
			defaultConfigurationIsVisible = 0;
			defaultConfigurationName = Release;
		};
		45539B401C0F539800D9FC92 /* Build configuration list for PBXNativeTarget "RSMetronomeExample" */ = {
			isa = XCConfigurationList;
			buildConfigurations = (
				45539B411C0F539800D9FC92 /* Debug */,
				45539B421C0F539800D9FC92 /* Release */,
			);
			defaultConfigurationIsVisible = 0;
			defaultConfigurationName = Release;
		};
/* End XCConfigurationList section */
	};
	rootObject = 45539B261C0F539800D9FC92 /* Project object */;
}
